
Microsoft Visual Studio Solution File, Format Version 12.00
# Visual Studio Version 17
VisualStudioVersion = 17.11.35219.272
MinimumVisualStudioVersion = 10.0.40219.1
Project("{FAE04EC0-301F-11D3-BF4B-00C04F79EFBC}") = "Exam1", "Exam1\Exam1.csproj", "{4460AD05-4261-4545-8A62-0C75AAB195CA}"
EndProject
Global
	GlobalSection(SolutionConfigurationPlatforms) = preSolution
		Debug|Any CPU = Debug|Any CPU
		Release|Any CPU = Release|Any CPU
	EndGlobalSection
	GlobalSection(ProjectConfigurationPlatforms) = postSolution
		{4460AD05-4261-4545-8A62-0C75AAB195CA}.Debug|Any CPU.ActiveCfg = Debug|Any CPU
		{4460AD05-4261-4545-8A62-0C75AAB195CA}.Debug|Any CPU.Build.0 = Debug|Any CPU
		{4460AD05-4261-4545-8A62-0C75AAB195CA}.Release|Any CPU.ActiveCfg = Release|Any CPU
		{4460AD05-4261-4545-8A62-0C75AAB195CA}.Release|Any CPU.Build.0 = Release|Any CPU
	EndGlobalSection
	GlobalSection(SolutionProperties) = preSolution
		HideSolutionNode = FALSE
	EndGlobalSection
	GlobalSection(ExtensibilityGlobals) = postSolution
		SolutionGuid = {0414DDCC-8EFA-4B8C-BD9E-3BB6A9783112}
	EndGlobalSection
EndGlobal
